
Microsoft Visual Studio Solution File, Format Version 12.00
# Visual Studio Version 17
VisualStudioVersion = 17.6.33723.286
MinimumVisualStudioVersion = 10.0.40219.1
Project("{FAE04EC0-301F-11D3-BF4B-00C04F79EFBC}") = "facedetector", "facedetector\facedetector.csproj", "{2AD05B0B-0409-4FC5-B8C6-EB3CDA8B1375}"
EndProject
Global
	GlobalSection(SolutionConfigurationPlatforms) = preSolution
		Debug|Any CPU = Debug|Any CPU
		Release|Any CPU = Release|Any CPU
	EndGlobalSection
	GlobalSection(ProjectConfigurationPlatforms) = postSolution
		{2AD05B0B-0409-4FC5-B8C6-EB3CDA8B1375}.Debug|Any CPU.ActiveCfg = Debug|Any CPU
		{2AD05B0B-0409-4FC5-B8C6-EB3CDA8B1375}.Debug|Any CPU.Build.0 = Debug|Any CPU
		{2AD05B0B-0409-4FC5-B8C6-EB3CDA8B1375}.Release|Any CPU.ActiveCfg = Release|Any CPU
		{2AD05B0B-0409-4FC5-B8C6-EB3CDA8B1375}.Release|Any CPU.Build.0 = Release|Any CPU
	EndGlobalSection
	GlobalSection(SolutionProperties) = preSolution
		HideSolutionNode = FALSE
	EndGlobalSection
	GlobalSection(ExtensibilityGlobals) = postSolution
		SolutionGuid = {B440D0BE-E927-428C-8666-B08F130D49A8}
	EndGlobalSection
EndGlobal
